
Microsoft Visual Studio Solution File, Format Version 12.00
# Visual Studio Version 17
VisualStudioVersion = 17.14.36414.22
MinimumVisualStudioVersion = 10.0.40219.1
Project("{2150E333-8FDC-42A3-9474-1A3956D46DE8}") = "Task0", "Task0", "{02EA681E-C7D8-13C7-8484-4AC65E1B71E8}"
EndProject
Project("{FAE04EC0-301F-11D3-BF4B-00C04F79EFBC}") = "Tyuiu.ZakachurinIE.Sprint4.Task0.V16", "Tyuiu.ZakachurinIE.Sprint4.Task0.V16\Tyuiu.ZakachurinIE.Sprint4.Task0.V16.csproj", "{CCF75607-277E-4A60-89F4-1696F68DF831}"
EndProject
Project("{FAE04EC0-301F-11D3-BF4B-00C04F79EFBC}") = "Tyuiu.ZakachurinIE.Sprint4.Task0.V16.Lib", "Tyuiu.ZakachurinIE.Sprint4.Task0.V16.Lib\Tyuiu.ZakachurinIE.Sprint4.Task0.V16.Lib.csproj", "{52EB7CFB-F42A-498F-8765-0745F5CB4C76}"
EndProject
Project("{FAE04EC0-301F-11D3-BF4B-00C04F79EFBC}") = "Tyuiu.ZakachurinIE.Sprint4.Task0.V16.Test", "Tyuiu.ZakachurinIE.Sprint4.Task0.V16.Test\Tyuiu.ZakachurinIE.Sprint4.Task0.V16.Test.csproj", "{15F58D85-C3FA-4B90-8686-B3E29BBA26A9}"
EndProject
Project("{2150E333-8FDC-42A3-9474-1A3956D46DE8}") = "Task1", "Task1", "{483EEAA5-A5B8-480E-88D0-AF183D414A8A}"
EndProject
Project("{FAE04EC0-301F-11D3-BF4B-00C04F79EFBC}") = "Tyuiu.ZakachurinIE.Sprint4.Task1.V9", "Tyuiu.ZakachurinIE.Sprint4.Task1.V9\Tyuiu.ZakachurinIE.Sprint4.Task1.V9.csproj", "{1A3EFAA3-4AC7-4A33-B5EE-8F93F3A45B28}"
EndProject
Project("{FAE04EC0-301F-11D3-BF4B-00C04F79EFBC}") = "Tyuiu.ZakachurinIE.Sprint4.Task1.V9.Lib", "Tyuiu.ZakachurinIE.Sprint4.Task1.V9.Lib\Tyuiu.ZakachurinIE.Sprint4.Task1.V9.Lib.csproj", "{444CD876-CD80-4F94-9D79-9417A80FE501}"
EndProject
Project("{FAE04EC0-301F-11D3-BF4B-00C04F79EFBC}") = "Tyuiu.ZakachurinIE.Sprint4.Task1.V9.Test", "Tyuiu.ZakachurinIE.Sprint4.Task1.V9.Test\Tyuiu.ZakachurinIE.Sprint4.Task1.V9.Test.csproj", "{2CC7CDCB-8FE8-4060-8EF7-E8FDA6D6F9EA}"
EndProject
Project("{2150E333-8FDC-42A3-9474-1A3956D46DE8}") = "Task2", "Task2", "{FA5FE114-CD0B-4D19-9906-7821071E361E}"
EndProject
Project("{FAE04EC0-301F-11D3-BF4B-00C04F79EFBC}") = "Tyuiu.ZakachurinIE.Sprint4.Task2.V18", "Tyuiu.ZakachurinIE.Sprint4.Task2.V18\Tyuiu.ZakachurinIE.Sprint4.Task2.V18.csproj", "{A2807BE2-8A78-403B-93A7-2E87F959F92D}"
EndProject
Project("{FAE04EC0-301F-11D3-BF4B-00C04F79EFBC}") = "Tyuiu.ZakachurinIE.Sprint4.Task2.V18.Lib", "Tyuiu.ZakachurinIE.Sprint4.Task2.V18.Lib\Tyuiu.ZakachurinIE.Sprint4.Task2.V18.Lib.csproj", "{691AE339-3258-400F-BEA7-0D535EF742D9}"
EndProject
Project("{FAE04EC0-301F-11D3-BF4B-00C04F79EFBC}") = "Tyuiu.ZakachurinIE.Sprint4.Task2.V18.Test", "Tyuiu.ZakachurinIE.Sprint4.Task2.V18.Test\Tyuiu.ZakachurinIE.Sprint4.Task2.V18.Test.csproj", "{E31915F5-181A-4DC7-8ADB-A27111E0C047}"
EndProject
Project("{2150E333-8FDC-42A3-9474-1A3956D46DE8}") = "Task3", "Task3", "{6EE8DA41-7485-477D-8734-570AC2EAAC2C}"
EndProject
Project("{FAE04EC0-301F-11D3-BF4B-00C04F79EFBC}") = "Tyuiu.ZakachurinIE.Sprint4.Task3.V10", "Tyuiu.ZakachurinIE.Sprint4.Task3.V10\Tyuiu.ZakachurinIE.Sprint4.Task3.V10.csproj", "{D7C0E23F-14D8-4CD1-8449-BBA6FE013AFE}"
EndProject
Project("{FAE04EC0-301F-11D3-BF4B-00C04F79EFBC}") = "Tyuiu.ZakachurinIE.Sprint4.Task3.V10.Lib", "Tyuiu.ZakachurinIE.Sprint4.Task3.V10.Lib\Tyuiu.ZakachurinIE.Sprint4.Task3.V10.Lib.csproj", "{A8C9E703-F14D-4D4E-A025-A8D24DC11656}"
EndProject
Project("{FAE04EC0-301F-11D3-BF4B-00C04F79EFBC}") = "Tyuiu.ZakachurinIE.Sprint4.Task3.V10.Test", "Tyuiu.ZakachurinIE.Sprint4.Task3.V10.Test\Tyuiu.ZakachurinIE.Sprint4.Task3.V10.Test.csproj", "{592EE6CF-2D33-483B-9368-F0C4F097A2B1}"
EndProject
Project("{2150E333-8FDC-42A3-9474-1A3956D46DE8}") = "Task4", "Task4", "{7A5628DA-276E-485F-9802-9D109A37FDD2}"
EndProject
Project("{FAE04EC0-301F-11D3-BF4B-00C04F79EFBC}") = "Tyuiu.ZakachurinIE.Sprint4.Task4.V30", "Tyuiu.ZakachurinIE.Sprint4.Task4.V30\Tyuiu.ZakachurinIE.Sprint4.Task4.V30.csproj", "{AF1E3BCF-DCA9-4D5C-B177-F0B6E483D645}"
EndProject
Project("{FAE04EC0-301F-11D3-BF4B-00C04F79EFBC}") = "Tyuiu.ZakachurinIE.Sprint4.Task4.V30.Lib", "Tyuiu.ZakachurinIE.Sprint4.Task4.V30.Lib\Tyuiu.ZakachurinIE.Sprint4.Task4.V30.Lib.csproj", "{6E6517BE-C287-46F5-9157-652FC40C6474}"
EndProject
Project("{FAE04EC0-301F-11D3-BF4B-00C04F79EFBC}") = "Tyuiu.ZakachurinIE.Sprint4.Task4.V30.Test", "Tyuiu.ZakachurinIE.Sprint4.Task4.V30.Test\Tyuiu.ZakachurinIE.Sprint4.Task4.V30.Test.csproj", "{B09678C5-4F79-40AE-800C-EA290B4E5033}"
EndProject
Global
	GlobalSection(SolutionConfigurationPlatforms) = preSolution
		Debug|Any CPU = Debug|Any CPU
		Release|Any CPU = Release|Any CPU
	EndGlobalSection
	GlobalSection(ProjectConfigurationPlatforms) = postSolution
		{CCF75607-277E-4A60-89F4-1696F68DF831}.Debug|Any CPU.ActiveCfg = Debug|Any CPU
		{CCF75607-277E-4A60-89F4-1696F68DF831}.Debug|Any CPU.Build.0 = Debug|Any CPU
		{CCF75607-277E-4A60-89F4-1696F68DF831}.Release|Any CPU.ActiveCfg = Release|Any CPU
		{CCF75607-277E-4A60-89F4-1696F68DF831}.Release|Any CPU.Build.0 = Release|Any CPU
		{52EB7CFB-F42A-498F-8765-0745F5CB4C76}.Debug|Any CPU.ActiveCfg = Debug|Any CPU
		{52EB7CFB-F42A-498F-8765-0745F5CB4C76}.Debug|Any CPU.Build.0 = Debug|Any CPU
		{52EB7CFB-F42A-498F-8765-0745F5CB4C76}.Release|Any CPU.ActiveCfg = Release|Any CPU
		{52EB7CFB-F42A-498F-8765-0745F5CB4C76}.Release|Any CPU.Build.0 = Release|Any CPU
		{15F58D85-C3FA-4B90-8686-B3E29BBA26A9}.Debug|Any CPU.ActiveCfg = Debug|Any CPU
		{15F58D85-C3FA-4B90-8686-B3E29BBA26A9}.Debug|Any CPU.Build.0 = Debug|Any CPU
		{15F58D85-C3FA-4B90-8686-B3E29BBA26A9}.Release|Any CPU.ActiveCfg = Release|Any CPU
		{15F58D85-C3FA-4B90-8686-B3E29BBA26A9}.Release|Any CPU.Build.0 = Release|Any CPU
		{1A3EFAA3-4AC7-4A33-B5EE-8F93F3A45B28}.Debug|Any CPU.ActiveCfg = Debug|Any CPU
		{1A3EFAA3-4AC7-4A33-B5EE-8F93F3A45B28}.Debug|Any CPU.Build.0 = Debug|Any CPU
		{1A3EFAA3-4AC7-4A33-B5EE-8F93F3A45B28}.Release|Any CPU.ActiveCfg = Release|Any CPU
		{1A3EFAA3-4AC7-4A33-B5EE-8F93F3A45B28}.Release|Any CPU.Build.0 = Release|Any CPU
		{444CD876-CD80-4F94-9D79-9417A80FE501}.Debug|Any CPU.ActiveCfg = Debug|Any CPU
		{444CD876-CD80-4F94-9D79-9417A80FE501}.Debug|Any CPU.Build.0 = Debug|Any CPU
		{444CD876-CD80-4F94-9D79-9417A80FE501}.Release|Any CPU.ActiveCfg = Release|Any CPU
		{444CD876-CD80-4F94-9D79-9417A80FE501}.Release|Any CPU.Build.0 = Release|Any CPU
		{2CC7CDCB-8FE8-4060-8EF7-E8FDA6D6F9EA}.Debug|Any CPU.ActiveCfg = Debug|Any CPU
		{2CC7CDCB-8FE8-4060-8EF7-E8FDA6D6F9EA}.Debug|Any CPU.Build.0 = Debug|Any CPU
		{2CC7CDCB-8FE8-4060-8EF7-E8FDA6D6F9EA}.Release|Any CPU.ActiveCfg = Release|Any CPU
		{2CC7CDCB-8FE8-4060-8EF7-E8FDA6D6F9EA}.Release|Any CPU.Build.0 = Release|Any CPU
		{A2807BE2-8A78-403B-93A7-2E87F959F92D}.Debug|Any CPU.ActiveCfg = Debug|Any CPU
		{A2807BE2-8A78-403B-93A7-2E87F959F92D}.Debug|Any CPU.Build.0 = Debug|Any CPU
		{A2807BE2-8A78-403B-93A7-2E87F959F92D}.Release|Any CPU.ActiveCfg = Release|Any CPU
		{A2807BE2-8A78-403B-93A7-2E87F959F92D}.Release|Any CPU.Build.0 = Release|Any CPU
		{691AE339-3258-400F-BEA7-0D535EF742D9}.Debug|Any CPU.ActiveCfg = Debug|Any CPU
		{691AE339-3258-400F-BEA7-0D535EF742D9}.Debug|Any CPU.Build.0 = Debug|Any CPU
		{691AE339-3258-400F-BEA7-0D535EF742D9}.Release|Any CPU.ActiveCfg = Release|Any CPU
		{691AE339-3258-400F-BEA7-0D535EF742D9}.Release|Any CPU.Build.0 = Release|Any CPU
		{E31915F5-181A-4DC7-8ADB-A27111E0C047}.Debug|Any CPU.ActiveCfg = Debug|Any CPU
		{E31915F5-181A-4DC7-8ADB-A27111E0C047}.Debug|Any CPU.Build.0 = Debug|Any CPU
		{E31915F5-181A-4DC7-8ADB-A27111E0C047}.Release|Any CPU.ActiveCfg = Release|Any CPU
		{E31915F5-181A-4DC7-8ADB-A27111E0C047}.Release|Any CPU.Build.0 = Release|Any CPU
		{D7C0E23F-14D8-4CD1-8449-BBA6FE013AFE}.Debug|Any CPU.ActiveCfg = Debug|Any CPU
		{D7C0E23F-14D8-4CD1-8449-BBA6FE013AFE}.Debug|Any CPU.Build.0 = Debug|Any CPU
		{D7C0E23F-14D8-4CD1-8449-BBA6FE013AFE}.Release|Any CPU.ActiveCfg = Release|Any CPU
		{D7C0E23F-14D8-4CD1-8449-BBA6FE013AFE}.Release|Any CPU.Build.0 = Release|Any CPU
		{A8C9E703-F14D-4D4E-A025-A8D24DC11656}.Debug|Any CPU.ActiveCfg = Debug|Any CPU
		{A8C9E703-F14D-4D4E-A025-A8D24DC11656}.Debug|Any CPU.Build.0 = Debug|Any CPU
		{A8C9E703-F14D-4D4E-A025-A8D24DC11656}.Release|Any CPU.ActiveCfg = Release|Any CPU
		{A8C9E703-F14D-4D4E-A025-A8D24DC11656}.Release|Any CPU.Build.0 = Release|Any CPU
		{592EE6CF-2D33-483B-9368-F0C4F097A2B1}.Debug|Any CPU.ActiveCfg = Debug|Any CPU
		{592EE6CF-2D33-483B-9368-F0C4F097A2B1}.Debug|Any CPU.Build.0 = Debug|Any CPU
		{592EE6CF-2D33-483B-9368-F0C4F097A2B1}.Release|Any CPU.ActiveCfg = Release|Any CPU
		{592EE6CF-2D33-483B-9368-F0C4F097A2B1}.Release|Any CPU.Build.0 = Release|Any CPU
		{AF1E3BCF-DCA9-4D5C-B177-F0B6E483D645}.Debug|Any CPU.ActiveCfg = Debug|Any CPU
		{AF1E3BCF-DCA9-4D5C-B177-F0B6E483D645}.Debug|Any CPU.Build.0 = Debug|Any CPU
		{AF1E3BCF-DCA9-4D5C-B177-F0B6E483D645}.Release|Any CPU.ActiveCfg = Release|Any CPU
		{AF1E3BCF-DCA9-4D5C-B177-F0B6E483D645}.Release|Any CPU.Build.0 = Release|Any CPU
		{6E6517BE-C287-46F5-9157-652FC40C6474}.Debug|Any CPU.ActiveCfg = Debug|Any CPU
		{6E6517BE-C287-46F5-9157-652FC40C6474}.Debug|Any CPU.Build.0 = Debug|Any CPU
		{6E6517BE-C287-46F5-9157-652FC40C6474}.Release|Any CPU.ActiveCfg = Release|Any CPU
		{6E6517BE-C287-46F5-9157-652FC40C6474}.Release|Any CPU.Build.0 = Release|Any CPU
		{B09678C5-4F79-40AE-800C-EA290B4E5033}.Debug|Any CPU.ActiveCfg = Debug|Any CPU
		{B09678C5-4F79-40AE-800C-EA290B4E5033}.Debug|Any CPU.Build.0 = Debug|Any CPU
		{B09678C5-4F79-40AE-800C-EA290B4E5033}.Release|Any CPU.ActiveCfg = Release|Any CPU
		{B09678C5-4F79-40AE-800C-EA290B4E5033}.Release|Any CPU.Build.0 = Release|Any CPU
	EndGlobalSection
	GlobalSection(SolutionProperties) = preSolution
		HideSolutionNode = FALSE
	EndGlobalSection
	GlobalSection(NestedProjects) = preSolution
		{CCF75607-277E-4A60-89F4-1696F68DF831} = {02EA681E-C7D8-13C7-8484-4AC65E1B71E8}
		{52EB7CFB-F42A-498F-8765-0745F5CB4C76} = {02EA681E-C7D8-13C7-8484-4AC65E1B71E8}
		{15F58D85-C3FA-4B90-8686-B3E29BBA26A9} = {02EA681E-C7D8-13C7-8484-4AC65E1B71E8}
		{1A3EFAA3-4AC7-4A33-B5EE-8F93F3A45B28} = {483EEAA5-A5B8-480E-88D0-AF183D414A8A}
		{444CD876-CD80-4F94-9D79-9417A80FE501} = {483EEAA5-A5B8-480E-88D0-AF183D414A8A}
		{2CC7CDCB-8FE8-4060-8EF7-E8FDA6D6F9EA} = {483EEAA5-A5B8-480E-88D0-AF183D414A8A}
		{A2807BE2-8A78-403B-93A7-2E87F959F92D} = {FA5FE114-CD0B-4D19-9906-7821071E361E}
		{691AE339-3258-400F-BEA7-0D535EF742D9} = {FA5FE114-CD0B-4D19-9906-7821071E361E}
		{E31915F5-181A-4DC7-8ADB-A27111E0C047} = {FA5FE114-CD0B-4D19-9906-7821071E361E}
		{D7C0E23F-14D8-4CD1-8449-BBA6FE013AFE} = {6EE8DA41-7485-477D-8734-570AC2EAAC2C}
		{A8C9E703-F14D-4D4E-A025-A8D24DC11656} = {6EE8DA41-7485-477D-8734-570AC2EAAC2C}
		{592EE6CF-2D33-483B-9368-F0C4F097A2B1} = {6EE8DA41-7485-477D-8734-570AC2EAAC2C}
		{AF1E3BCF-DCA9-4D5C-B177-F0B6E483D645} = {7A5628DA-276E-485F-9802-9D109A37FDD2}
		{6E6517BE-C287-46F5-9157-652FC40C6474} = {7A5628DA-276E-485F-9802-9D109A37FDD2}
		{B09678C5-4F79-40AE-800C-EA290B4E5033} = {7A5628DA-276E-485F-9802-9D109A37FDD2}
	EndGlobalSection
	GlobalSection(ExtensibilityGlobals) = postSolution
		SolutionGuid = {EFB02A10-5186-44EF-BF13-45E8AAFE980D}
	EndGlobalSection
EndGlobal
